
Microsoft Visual Studio Solution File, Format Version 12.00
# Visual Studio 14
VisualStudioVersion = 14.0.23107.0
MinimumVisualStudioVersion = 10.0.40219.1
Project("{FAE04EC0-301F-11D3-BF4B-00C04F79EFBC}") = "VNCnanme", "VNCnanme\VNCnanme.csproj", "{0AB4754D-E0A5-4752-AAE0-9378D71881EF}"
EndProject
Global
	GlobalSection(SolutionConfigurationPlatforms) = preSolution
		Debug|Any CPU = Debug|Any CPU
		Release|Any CPU = Release|Any CPU
	EndGlobalSection
	GlobalSection(ProjectConfigurationPlatforms) = postSolution
		{0AB4754D-E0A5-4752-AAE0-9378D71881EF}.Debug|Any CPU.ActiveCfg = Debug|Any CPU
		{0AB4754D-E0A5-4752-AAE0-9378D71881EF}.Debug|Any CPU.Build.0 = Debug|Any CPU
		{0AB4754D-E0A5-4752-AAE0-9378D71881EF}.Release|Any CPU.ActiveCfg = Release|Any CPU
		{0AB4754D-E0A5-4752-AAE0-9378D71881EF}.Release|Any CPU.Build.0 = Release|Any CPU
	EndGlobalSection
	GlobalSection(SolutionProperties) = preSolution
		HideSolutionNode = FALSE
	EndGlobalSection
EndGlobal
